// !$*UTF8*$!
{
	archiveVersion = 1;
	classes = {
	};
	objectVersion = 50;
	objects = {

/* Begin PBXBuildFile section */
		C9DC002921A1978C00FB66FC /* AppDelegate.swift in Sources */ = {isa = PBXBuildFile; fileRef = C9DC002821A1978C00FB66FC /* AppDelegate.swift */; };
		C9DC002B21A1978C00FB66FC /* ViewController.swift in Sources */ = {isa = PBXBuildFile; fileRef = C9DC002A21A1978C00FB66FC /* ViewController.swift */; };
		C9DC002E21A1978C00FB66FC /* Main.storyboard in Resources */ = {isa = PBXBuildFile; fileRef = C9DC002C21A1978C00FB66FC /* Main.storyboard */; };
		C9DC003021A1979300FB66FC /* Assets.xcassets in Resources */ = {isa = PBXBuildFile; fileRef = C9DC002F21A1979300FB66FC /* Assets.xcassets */; };
		C9DC003321A1979300FB66FC /* LaunchScreen.storyboard in Resources */ = {isa = PBXBuildFile; fileRef = C9DC003121A1979300FB66FC /* LaunchScreen.storyboard */; };
		C9DC003E21A1979400FB66FC /* FilantropiaTests.swift in Sources */ = {isa = PBXBuildFile; fileRef = C9DC003D21A1979400FB66FC /* FilantropiaTests.swift */; };
/* End PBXBuildFile section */

/* Begin PBXContainerItemProxy section */
		C9DC003A21A1979400FB66FC /* PBXContainerItemProxy */ = {
			isa = PBXContainerItemProxy;
			containerPortal = C9DC001D21A1978C00FB66FC /* Project object */;
			proxyType = 1;
			remoteGlobalIDString = C9DC002421A1978C00FB66FC;
			remoteInfo = Filantropia;
		};
/* End PBXContainerItemProxy section */

/* Begin PBXFileReference section */
		C9DC002521A1978C00FB66FC /* Filantropia.app */ = {isa = PBXFileReference; explicitFileType = wrapper.application; includeInIndex = 0; path = Filantropia.app; sourceTree = BUILT_PRODUCTS_DIR; };
		C9DC002821A1978C00FB66FC /* AppDelegate.swift */ = {isa = PBXFileReference; lastKnownFileType = sourcecode.swift; path = AppDelegate.swift; sourceTree = "<group>"; };
		C9DC002A21A1978C00FB66FC /* ViewController.swift */ = {isa = PBXFileReference; lastKnownFileType = sourcecode.swift; path = ViewController.swift; sourceTree = "<group>"; };
		C9DC002D21A1978C00FB66FC /* Base */ = {isa = PBXFileReference; lastKnownFileType = file.storyboard; name = Base; path = Base.lproj/Main.storyboard; sourceTree = "<group>"; };
		C9DC002F21A1979300FB66FC /* Assets.xcassets */ = {isa = PBXFileReference; lastKnownFileType = folder.assetcatalog; path = Assets.xcassets; sourceTree = "<group>"; };
		C9DC003221A1979300FB66FC /* Base */ = {isa = PBXFileReference; lastKnownFileType = file.storyboard; name = Base; path = Base.lproj/LaunchScreen.storyboard; sourceTree = "<group>"; };
		C9DC003421A1979300FB66FC /* Info.plist */ = {isa = PBXFileReference; lastKnownFileType = text.plist.xml; path = Info.plist; sourceTree = "<group>"; };
		C9DC003921A1979400FB66FC /* FilantropiaTests.xctest */ = {isa = PBXFileReference; explicitFileType = wrapper.cfbundle; includeInIndex = 0; path = FilantropiaTests.xctest; sourceTree = BUILT_PRODUCTS_DIR; };
		C9DC003D21A1979400FB66FC /* FilantropiaTests.swift */ = {isa = PBXFileReference; lastKnownFileType = sourcecode.swift; path = FilantropiaTests.swift; sourceTree = "<group>"; };
		C9DC003F21A1979400FB66FC /* Info.plist */ = {isa = PBXFileReference; lastKnownFileType = text.plist.xml; path = Info.plist; sourceTree = "<group>"; };
/* End PBXFileReference section */

/* Begin PBXFrameworksBuildPhase section */
		C9DC002221A1978C00FB66FC /* Frameworks */ = {
			isa = PBXFrameworksBuildPhase;
			buildActionMask = 2147483647;
			files = (
			);
			runOnlyForDeploymentPostprocessing = 0;
		};
		C9DC003621A1979400FB66FC /* Frameworks */ = {
			isa = PBXFrameworksBuildPhase;
			buildActionMask = 2147483647;
			files = (
			);
			runOnlyForDeploymentPostprocessing = 0;
		};
/* End PBXFrameworksBuildPhase section */

/* Begin PBXGroup section */
		C9DC001C21A1978C00FB66FC = {
			isa = PBXGroup;
			children = (
				C9DC002721A1978C00FB66FC /* Filantropia */,
				C9DC003C21A1979400FB66FC /* FilantropiaTests */,
				C9DC002621A1978C00FB66FC /* Products */,
			);
			sourceTree = "<group>";
		};
		C9DC002621A1978C00FB66FC /* Products */ = {
			isa = PBXGroup;
			children = (
				C9DC002521A1978C00FB66FC /* Filantropia.app */,
				C9DC003921A1979400FB66FC /* FilantropiaTests.xctest */,
			);
			name = Products;
			sourceTree = "<group>";
		};
		C9DC002721A1978C00FB66FC /* Filantropia */ = {
			isa = PBXGroup;
			children = (
				C9DC002821A1978C00FB66FC /* AppDelegate.swift */,
				C9DC002A21A1978C00FB66FC /* ViewController.swift */,
				C9DC002C21A1978C00FB66FC /* Main.storyboard */,
				C9DC002F21A1979300FB66FC /* Assets.xcassets */,
				C9DC003121A1979300FB66FC /* LaunchScreen.storyboard */,
				C9DC003421A1979300FB66FC /* Info.plist */,
			);
			path = Filantropia;
			sourceTree = "<group>";
		};
		C9DC003C21A1979400FB66FC /* FilantropiaTests */ = {
			isa = PBXGroup;
			children = (
				C9DC003D21A1979400FB66FC /* FilantropiaTests.swift */,
				C9DC003F21A1979400FB66FC /* Info.plist */,
			);
			path = FilantropiaTests;
			sourceTree = "<group>";
		};
/* End PBXGroup section */

/* Begin PBXNativeTarget section */
		C9DC002421A1978C00FB66FC /* Filantropia */ = {
			isa = PBXNativeTarget;
			buildConfigurationList = C9DC004221A1979400FB66FC /* Build configuration list for PBXNativeTarget "Filantropia" */;
			buildPhases = (
				C9DC002121A1978C00FB66FC /* Sources */,
				C9DC002221A1978C00FB66FC /* Frameworks */,
				C9DC002321A1978C00FB66FC /* Resources */,
			);
			buildRules = (
			);
			dependencies = (
			);
			name = Filantropia;
			productName = Filantropia;
			productReference = C9DC002521A1978C00FB66FC /* Filantropia.app */;
			productType = "com.apple.product-type.application";
		};
		C9DC003821A1979400FB66FC /* FilantropiaTests */ = {
			isa = PBXNativeTarget;
			buildConfigurationList = C9DC004521A1979400FB66FC /* Build configuration list for PBXNativeTarget "FilantropiaTests" */;
			buildPhases = (
				C9DC003521A1979400FB66FC /* Sources */,
				C9DC003621A1979400FB66FC /* Frameworks */,
				C9DC003721A1979400FB66FC /* Resources */,
			);
			buildRules = (
			);
			dependencies = (
				C9DC003B21A1979400FB66FC /* PBXTargetDependency */,
			);
			name = FilantropiaTests;
			productName = FilantropiaTests;
			productReference = C9DC003921A1979400FB66FC /* FilantropiaTests.xctest */;
			productType = "com.apple.product-type.bundle.unit-test";
		};
/* End PBXNativeTarget section */

/* Begin PBXProject section */
		C9DC001D21A1978C00FB66FC /* Project object */ = {
			isa = PBXProject;
			attributes = {
				LastSwiftUpdateCheck = 1000;
				LastUpgradeCheck = 1000;
				ORGANIZATIONNAME = "Paulo Gama";
				TargetAttributes = {
					C9DC002421A1978C00FB66FC = {
						CreatedOnToolsVersion = 10.0;
					};
					C9DC003821A1979400FB66FC = {
						CreatedOnToolsVersion = 10.0;
						TestTargetID = C9DC002421A1978C00FB66FC;
					};
				};
			};
			buildConfigurationList = C9DC002021A1978C00FB66FC /* Build configuration list for PBXProject "Filantropia" */;
			compatibilityVersion = "Xcode 9.3";
			developmentRegion = en;
			hasScannedForEncodings = 0;
			knownRegions = (
				en,
				Base,
			);
			mainGroup = C9DC001C21A1978C00FB66FC;
			productRefGroup = C9DC002621A1978C00FB66FC /* Products */;
			projectDirPath = "";
			projectRoot = "";
			targets = (
				C9DC002421A1978C00FB66FC /* Filantropia */,
				C9DC003821A1979400FB66FC /* FilantropiaTests */,
			);
		};
/* End PBXProject section */

/* Begin PBXResourcesBuildPhase section */
		C9DC002321A1978C00FB66FC /* Resources */ = {
			isa = PBXResourcesBuildPhase;
			buildActionMask = 2147483647;
			files = (
				C9DC003321A1979300FB66FC /* LaunchScreen.storyboard in Resources */,
				C9DC003021A1979300FB66FC /* Assets.xcassets in Resources */,
				C9DC002E21A1978C00FB66FC /* Main.storyboard in Resources */,
			);
			runOnlyForDeploymentPostprocessing = 0;
		};
		C9DC003721A1979400FB66FC /* Resources */ = {
			isa = PBXResourcesBuildPhase;
			buildActionMask = 2147483647;
			files = (
			);
			runOnlyForDeploymentPostprocessing = 0;
		};
/* End PBXResourcesBuildPhase section */

/* Begin PBXSourcesBuildPhase section */
		C9DC002121A1978C00FB66FC /* Sources */ = {
			isa = PBXSourcesBuildPhase;
			buildActionMask = 2147483647;
			files = (
				C9DC002B21A1978C00FB66FC /* ViewController.swift in Sources */,
				C9DC002921A1978C00FB66FC /* AppDelegate.swift in Sources */,
			);
			runOnlyForDeploymentPostprocessing = 0;
		};
		C9DC003521A1979400FB66FC /* Sources */ = {
			isa = PBXSourcesBuildPhase;
			buildActionMask = 2147483647;
			files = (
				C9DC003E21A1979400FB66FC /* FilantropiaTests.swift in Sources */,
			);
			runOnlyForDeploymentPostprocessing = 0;
		};
/* End PBXSourcesBuildPhase section */

/* Begin PBXTargetDependency section */
		C9DC003B21A1979400FB66FC /* PBXTargetDependency */ = {
			isa = PBXTargetDependency;
			target = C9DC002421A1978C00FB66FC /* Filantropia */;
			targetProxy = C9DC003A21A1979400FB66FC /* PBXContainerItemProxy */;
		};
/* End PBXTargetDependency section */

/* Begin PBXVariantGroup section */
		C9DC002C21A1978C00FB66FC /* Main.storyboard */ = {
			isa = PBXVariantGroup;
			children = (
				C9DC002D21A1978C00FB66FC /* Base */,
			);
			name = Main.storyboard;
			sourceTree = "<group>";
		};
		C9DC003121A1979300FB66FC /* LaunchScreen.storyboard */ = {
			isa = PBXVariantGroup;
			children = (
				C9DC003221A1979300FB66FC /* Base */,
			);
			name = LaunchScreen.storyboard;
			sourceTree = "<group>";
		};
/* End PBXVariantGroup section */

/* Begin XCBuildConfiguration section */
		C9DC004021A1979400FB66FC /* Debug */ = {
			isa = XCBuildConfiguration;
			buildSettings = {
				ALWAYS_SEARCH_USER_PATHS = NO;
				CLANG_ANALYZER_NONNULL = YES;
				CLANG_ANALYZER_NUMBER_OBJECT_CONVERSION = YES_AGGRESSIVE;
				CLANG_CXX_LANGUAGE_STANDARD = "gnu++14";
				CLANG_CXX_LIBRARY = "libc++";
				CLANG_ENABLE_MODULES = YES;
				CLANG_ENABLE_OBJC_ARC = YES;
				CLANG_ENABLE_OBJC_WEAK = YES;
				CLANG_WARN_BLOCK_CAPTURE_AUTORELEASING = YES;
				CLANG_WARN_BOOL_CONVERSION = YES;
				CLANG_WARN_COMMA = YES;
				CLANG_WARN_CONSTANT_CONVERSION = YES;
				CLANG_WARN_DEPRECATED_OBJC_IMPLEMENTATIONS = YES;
				CLANG_WARN_DIRECT_OBJC_ISA_USAGE = YES_ERROR;
				CLANG_WARN_DOCUMENTATION_COMMENTS = YES;
				CLANG_WARN_EMPTY_BODY = YES;
				CLANG_WARN_ENUM_CONVERSION = YES;
				CLANG_WARN_INFINITE_RECURSION = YES;
				CLANG_WARN_INT_CONVERSION = YES;
				CLANG_WARN_NON_LITERAL_NULL_CONVERSION = YES;
				CLANG_WARN_OBJC_IMPLICIT_RETAIN_SELF = YES;
				CLANG_WARN_OBJC_LITERAL_CONVERSION = YES;
				CLANG_WARN_OBJC_ROOT_CLASS = YES_ERROR;
				CLANG_WARN_RANGE_LOOP_ANALYSIS = YES;
				CLANG_WARN_STRICT_PROTOTYPES = YES;
				CLANG_WARN_SUSPICIOUS_MOVE = YES;
				CLANG_WARN_UNGUARDED_AVAILABILITY = YES_AGGRESSIVE;
				CLANG_WARN_UNREACHABLE_CODE = YES;
				CLANG_WARN__DUPLICATE_METHOD_MATCH = YES;
				CODE_SIGN_IDENTITY = "iPhone Developer";
				COPY_PHASE_STRIP = NO;
				DEBUG_INFORMATION_FORMAT = dwarf;
				ENABLE_STRICT_OBJC_MSGSEND = YES;
				ENABLE_TESTABILITY = YES;
				GCC_C_LANGUAGE_STANDARD = gnu11;
				GCC_DYNAMIC_NO_PIC = NO;
				GCC_NO_COMMON_BLOCKS = YES;
				GCC_OPTIMIZATION_LEVEL = 0;
				GCC_PREPROCESSOR_DEFINITIONS = (
					"DEBUG=1",
					"$(inherited)",
				);
				GCC_WARN_64_TO_32_BIT_CONVERSION = YES;
				GCC_WARN_ABOUT_RETURN_TYPE = YES_ERROR;
				GCC_WARN_UNDECLARED_SELECTOR = YES;
				GCC_WARN_UNINITIALIZED_AUTOS = YES_AGGRESSIVE;
				GCC_WARN_UNUSED_FUNCTION = YES;
				GCC_WARN_UNUSED_VARIABLE = YES;
				IPHONEOS_DEPLOYMENT_TARGET = 12.0;
				MTL_ENABLE_DEBUG_INFO = INCLUDE_SOURCE;
				MTL_FAST_MATH = YES;
				ONLY_ACTIVE_ARCH = YES;
				SDKROOT = iphoneos;
				SWIFT_ACTIVE_COMPILATION_CONDITIONS = DEBUG;
				SWIFT_OPTIMIZATION_LEVEL = "-Onone";
			};
			name = Debug;
		};
		C9DC004121A1979400FB66FC /* Release */ = {
			isa = XCBuildConfiguration;
			buildSettings = {
				ALWAYS_SEARCH_USER_PATHS = NO;
				CLANG_ANALYZER_NONNULL = YES;
				CLANG_ANALYZER_NUMBER_OBJECT_CONVERSION = YES_AGGRESSIVE;
				CLANG_CXX_LANGUAGE_STANDARD = "gnu++14";
				CLANG_CXX_LIBRARY = "libc++";
				CLANG_ENABLE_MODULES = YES;
				CLANG_ENABLE_OBJC_ARC = YES;
				CLANG_ENABLE_OBJC_WEAK = YES;
				CLANG_WARN_BLOCK_CAPTURE_AUTORELEASING = YES;
				CLANG_WARN_BOOL_CONVERSION = YES;
				CLANG_WARN_COMMA = YES;
				CLANG_WARN_CONSTANT_CONVERSION = YES;
				CLANG_WARN_DEPRECATED_OBJC_IMPLEMENTATIONS = YES;
				CLANG_WARN_DIRECT_OBJC_ISA_USAGE = YES_ERROR;
				CLANG_WARN_DOCUMENTATION_COMMENTS = YES;
				CLANG_WARN_EMPTY_BODY = YES;
				CLANG_WARN_ENUM_CONVERSION = YES;
				CLANG_WARN_INFINITE_RECURSION = YES;
				CLANG_WARN_INT_CONVERSION = YES;
				CLANG_WARN_NON_LITERAL_NULL_CONVERSION = YES;
				CLANG_WARN_OBJC_IMPLICIT_RETAIN_SELF = YES;
				CLANG_WARN_OBJC_LITERAL_CONVERSION = YES;
				CLANG_WARN_OBJC_ROOT_CLASS = YES_ERROR;
				CLANG_WARN_RANGE_LOOP_ANALYSIS = YES;
				CLANG_WARN_STRICT_PROTOTYPES = YES;
				CLANG_WARN_SUSPICIOUS_MOVE = YES;
				CLANG_WARN_UNGUARDED_AVAILABILITY = YES_AGGRESSIVE;
				CLANG_WARN_UNREACHABLE_CODE = YES;
				CLANG_WARN__DUPLICATE_METHOD_MATCH = YES;
				CODE_SIGN_IDENTITY = "iPhone Developer";
				COPY_PHASE_STRIP = NO;
				DEBUG_INFORMATION_FORMAT = "dwarf-with-dsym";
				ENABLE_NS_ASSERTIONS = NO;
				ENABLE_STRICT_OBJC_MSGSEND = YES;
				GCC_C_LANGUAGE_STANDARD = gnu11;
				GCC_NO_COMMON_BLOCKS = YES;
				GCC_WARN_64_TO_32_BIT_CONVERSION = YES;
				GCC_WARN_ABOUT_RETURN_TYPE = YES_ERROR;
				GCC_WARN_UNDECLARED_SELECTOR = YES;
				GCC_WARN_UNINITIALIZED_AUTOS = YES_AGGRESSIVE;
				GCC_WARN_UNUSED_FUNCTION = YES;
				GCC_WARN_UNUSED_VARIABLE = YES;
				IPHONEOS_DEPLOYMENT_TARGET = 12.0;
				MTL_ENABLE_DEBUG_INFO = NO;
				MTL_FAST_MATH = YES;
				SDKROOT = iphoneos;
				SWIFT_COMPILATION_MODE = wholemodule;
				SWIFT_OPTIMIZATION_LEVEL = "-O";
				VALIDATE_PRODUCT = YES;
			};
			name = Release;
		};
		C9DC004321A1979400FB66FC /* Debug */ = {
			isa = XCBuildConfiguration;
			buildSettings = {
				ASSETCATALOG_COMPILER_APPICON_NAME = AppIcon;
				CODE_SIGN_STYLE = Automatic;
				DEVELOPMENT_TEAM = 53QWD2UZM4;
				INFOPLIST_FILE = Filantropia/Info.plist;
				LD_RUNPATH_SEARCH_PATHS = (
					"$(inherited)",
					"@executable_path/Frameworks",
				);
				PRODUCT_BUNDLE_IDENTIFIER = com.paulogama.Filantropia;
				PRODUCT_NAME = "$(TARGET_NAME)";
				SWIFT_VERSION = 4.2;
				TARGETED_DEVICE_FAMILY = "1,2";
			};
			name = Debug;
		};
		C9DC004421A1979400FB66FC /* Release */ = {
			isa = XCBuildConfiguration;
			buildSettings = {
				ASSETCATALOG_COMPILER_APPICON_NAME = AppIcon;
				CODE_SIGN_STYLE = Automatic;
				DEVELOPMENT_TEAM = 53QWD2UZM4;
				INFOPLIST_FILE = Filantropia/Info.plist;
				LD_RUNPATH_SEARCH_PATHS = (
					"$(inherited)",
					"@executable_path/Frameworks",
				);
				PRODUCT_BUNDLE_IDENTIFIER = com.paulogama.Filantropia;
				PRODUCT_NAME = "$(TARGET_NAME)";
				SWIFT_VERSION = 4.2;
				TARGETED_DEVICE_FAMILY = "1,2";
			};
			name = Release;
		};
		C9DC004621A1979400FB66FC /* Debug */ = {
			isa = XCBuildConfiguration;
			buildSettings = {
				ALWAYS_EMBED_SWIFT_STANDARD_LIBRARIES = YES;
				BUNDLE_LOADER = "$(TEST_HOST)";
				CODE_SIGN_STYLE = Automatic;
				DEVELOPMENT_TEAM = 53QWD2UZM4;
				INFOPLIST_FILE = FilantropiaTests/Info.plist;
				LD_RUNPATH_SEARCH_PATHS = (
					"$(inherited)",
					"@executable_path/Frameworks",
					"@loader_path/Frameworks",
				);
				PRODUCT_BUNDLE_IDENTIFIER = com.paulogama.FilantropiaTests;
				PRODUCT_NAME = "$(TARGET_NAME)";
				SWIFT_VERSION = 4.2;
				TARGETED_DEVICE_FAMILY = "1,2";
				TEST_HOST = "$(BUILT_PRODUCTS_DIR)/Filantropia.app/Filantropia";
			};
			name = Debug;
		};
		C9DC004721A1979400FB66FC /* Release */ = {
			isa = XCBuildConfiguration;
			buildSettings = {
				ALWAYS_EMBED_SWIFT_STANDARD_LIBRARIES = YES;
				BUNDLE_LOADER = "$(TEST_HOST)";
				CODE_SIGN_STYLE = Automatic;
				DEVELOPMENT_TEAM = 53QWD2UZM4;
				INFOPLIST_FILE = FilantropiaTests/Info.plist;
				LD_RUNPATH_SEARCH_PATHS = (
					"$(inherited)",
					"@executable_path/Frameworks",
					"@loader_path/Frameworks",
				);
				PRODUCT_BUNDLE_IDENTIFIER = com.paulogama.FilantropiaTests;
				PRODUCT_NAME = "$(TARGET_NAME)";
				SWIFT_VERSION = 4.2;
				TARGETED_DEVICE_FAMILY = "1,2";
				TEST_HOST = "$(BUILT_PRODUCTS_DIR)/Filantropia.app/Filantropia";
			};
			name = Release;
		};
/* End XCBuildConfiguration section */

/* Begin XCConfigurationList section */
		C9DC002021A1978C00FB66FC /* Build configuration list for PBXProject "Filantropia" */ = {
			isa = XCConfigurationList;
			buildConfigurations = (
				C9DC004021A1979400FB66FC /* Debug */,
				C9DC004121A1979400FB66FC /* Release */,
			);
			defaultConfigurationIsVisible = 0;
			defaultConfigurationName = Release;
		};
		C9DC004221A1979400FB66FC /* Build configuration list for PBXNativeTarget "Filantropia" */ = {
			isa = XCConfigurationList;
			buildConfigurations = (
				C9DC004321A1979400FB66FC /* Debug */,
				C9DC004421A1979400FB66FC /* Release */,
			);
			defaultConfigurationIsVisible = 0;
			defaultConfigurationName = Release;
		};
		C9DC004521A1979400FB66FC /* Build configuration list for PBXNativeTarget "FilantropiaTests" */ = {
			isa = XCConfigurationList;
			buildConfigurations = (
				C9DC004621A1979400FB66FC /* Debug */,
				C9DC004721A1979400FB66FC /* Release */,
			);
			defaultConfigurationIsVisible = 0;
			defaultConfigurationName = Release;
		};
/* End XCConfigurationList section */
	};
	rootObject = C9DC001D21A1978C00FB66FC /* Project object */;
}
